
Microsoft Visual Studio Solution File, Format Version 12.00
# Visual Studio Version 17
VisualStudioVersion = 17.10.34928.147
MinimumVisualStudioVersion = 10.0.40219.1
Project("{FAE04EC0-301F-11D3-BF4B-00C04F79EFBC}") = "Monitoring", "Monitoring.csproj", "{E8774559-D86E-4A85-AD1D-D590BE11A773}"
EndProject
Global
	GlobalSection(SolutionConfigurationPlatforms) = preSolution
		Debug|Any CPU = Debug|Any CPU
		Release|Any CPU = Release|Any CPU
	EndGlobalSection
	GlobalSection(ProjectConfigurationPlatforms) = postSolution
		{E8774559-D86E-4A85-AD1D-D590BE11A773}.Debug|Any CPU.ActiveCfg = Debug|Any CPU
		{E8774559-D86E-4A85-AD1D-D590BE11A773}.Debug|Any CPU.Build.0 = Debug|Any CPU
		{E8774559-D86E-4A85-AD1D-D590BE11A773}.Release|Any CPU.ActiveCfg = Release|Any CPU
		{E8774559-D86E-4A85-AD1D-D590BE11A773}.Release|Any CPU.Build.0 = Release|Any CPU
	EndGlobalSection
	GlobalSection(SolutionProperties) = preSolution
		HideSolutionNode = FALSE
	EndGlobalSection
	GlobalSection(ExtensibilityGlobals) = postSolution
		SolutionGuid = {B0322A62-89DA-4136-AA41-E3606003F237}
	EndGlobalSection
EndGlobal
